
Microsoft Visual Studio Solution File, Format Version 12.00
# Visual Studio 15
VisualStudioVersion = 15.0.26124.0
MinimumVisualStudioVersion = 15.0.26124.0
Project("{2150E333-8FDC-42A3-9474-1A3956D46DE8}") = "src", "src", "{F2687D8C-5761-49C0-80B6-BFAAA89AE534}"
EndProject
Project("{FAE04EC0-301F-11D3-BF4B-00C04F79EFBC}") = "EventCore.EventSourcing", "src\EventCore.EventSourcing\EventCore.EventSourcing.csproj", "{F8ADCB34-C115-448E-A6E8-448307AC5F15}"
EndProject
Project("{FAE04EC0-301F-11D3-BF4B-00C04F79EFBC}") = "EventCore.Utilities", "src\EventCore.Utilities\EventCore.Utilities.csproj", "{A89AC8DE-8E0D-4E70-ABAE-88236CC0DDA8}"
EndProject
Project("{2150E333-8FDC-42A3-9474-1A3956D46DE8}") = "test", "test", "{6240FDEA-B990-4DAE-A68B-5F02DEC5160B}"
EndProject
Project("{FAE04EC0-301F-11D3-BF4B-00C04F79EFBC}") = "EventCore.EventSourcing.Tests", "test\EventCore.EventSourcing.Tests\EventCore.EventSourcing.Tests.csproj", "{04156CE5-2297-4C91-9D1F-F39EBDB87C9F}"
EndProject
Project("{FAE04EC0-301F-11D3-BF4B-00C04F79EFBC}") = "EventCore.Samples.DemoCli", "src\EventCore.Samples.DemoCli\EventCore.Samples.DemoCli.csproj", "{21530563-A6ED-4691-A5BF-B6D186128088}"
EndProject
Project("{FAE04EC0-301F-11D3-BF4B-00C04F79EFBC}") = "EventCore.EventSourcing.EventStore", "src\EventCore.EventSourcing.EventStore\EventCore.EventSourcing.EventStore.csproj", "{17ED52AA-B216-47F2-90CD-4E29120C2F9A}"
EndProject
Project("{FAE04EC0-301F-11D3-BF4B-00C04F79EFBC}") = "EventCore.EventSourcing.EventStore.Tests", "test\EventCore.EventSourcing.EventStore.Tests\EventCore.EventSourcing.EventStore.Tests.csproj", "{6A6E311A-7808-4BA6-8CCE-FF13435049AB}"
EndProject
Project("{FAE04EC0-301F-11D3-BF4B-00C04F79EFBC}") = "EventCore.EventSourcing.StatefulSubscriber", "src\EventCore.EventSourcing.StatefulSubscriber\EventCore.EventSourcing.StatefulSubscriber.csproj", "{A5F2ECB9-E623-4D51-ACB4-2B4AD44121C7}"
EndProject
Project("{FAE04EC0-301F-11D3-BF4B-00C04F79EFBC}") = "EventCore.EventSourcing.StatefulSubscriber.Tests", "test\EventCore.EventSourcing.StatefulSubscriber.Tests\EventCore.EventSourcing.StatefulSubscriber.Tests.csproj", "{7AB858BF-FD19-4E5A-A190-16B676C51B8B}"
EndProject
Project("{FAE04EC0-301F-11D3-BF4B-00C04F79EFBC}") = "EventCore.AggregateRoots", "src\EventCore.AggregateRoots\EventCore.AggregateRoots.csproj", "{CA852FA0-7A6C-4380-8C1E-E0B928E2349D}"
EndProject
Project("{FAE04EC0-301F-11D3-BF4B-00C04F79EFBC}") = "EventCore.AggregateRoots.Tests", "test\EventCore.AggregateRoots.Tests\EventCore.AggregateRoots.Tests.csproj", "{AFC33F9E-C1BF-41A4-B11F-8A032214257A}"
EndProject
Project("{FAE04EC0-301F-11D3-BF4B-00C04F79EFBC}") = "EventCore.Samples.EmailSystem", "src\EventCore.Samples.EmailSystem\EventCore.Samples.EmailSystem.csproj", "{5837CD44-5167-481D-B37D-B2448CA14F81}"
EndProject
Project("{FAE04EC0-301F-11D3-BF4B-00C04F79EFBC}") = "EventCore.AggregateRoots.SerializableState", "src\EventCore.AggregateRoots.SerializableState\EventCore.AggregateRoots.SerializableState.csproj", "{EBEC1380-5722-42DC-AAA7-22627F914B18}"
EndProject
Project("{FAE04EC0-301F-11D3-BF4B-00C04F79EFBC}") = "EventCore.AggregateRoots.EntityFrameworkState", "src\EventCore.AggregateRoots.EntityFrameworkState\EventCore.AggregateRoots.EntityFrameworkState.csproj", "{C7DDF376-7DD1-49BD-8C10-0558D3E863CC}"
EndProject
Project("{FAE04EC0-301F-11D3-BF4B-00C04F79EFBC}") = "EventCore.Samples.EmailSystem.PublicApi", "src\EventCore.Samples.EmailSystem.PublicApi\EventCore.Samples.EmailSystem.PublicApi.csproj", "{55B24448-6229-4772-89FE-4A136DFB5118}"
EndProject
Project("{FAE04EC0-301F-11D3-BF4B-00C04F79EFBC}") = "EventCore.Samples.EmailSystem.DomainApi", "src\EventCore.Samples.EmailSystem.DomainApi\EventCore.Samples.EmailSystem.DomainApi.csproj", "{F4564733-4D06-4A49-B67D-6759188B4E30}"
EndProject
Project("{FAE04EC0-301F-11D3-BF4B-00C04F79EFBC}") = "EventCore.Samples.EmailSystem.DomainAzFx", "src\EventCore.Samples.EmailSystem.DomainAzFx\EventCore.Samples.EmailSystem.DomainAzFx.csproj", "{59C78D74-46E2-43B0-BC30-38AB8EF3C693}"
EndProject
Global
	GlobalSection(SolutionConfigurationPlatforms) = preSolution
		Debug|Any CPU = Debug|Any CPU
		Debug|x64 = Debug|x64
		Debug|x86 = Debug|x86
		Release|Any CPU = Release|Any CPU
		Release|x64 = Release|x64
		Release|x86 = Release|x86
	EndGlobalSection
	GlobalSection(SolutionProperties) = preSolution
		HideSolutionNode = FALSE
	EndGlobalSection
	GlobalSection(ProjectConfigurationPlatforms) = postSolution
		{F8ADCB34-C115-448E-A6E8-448307AC5F15}.Debug|Any CPU.ActiveCfg = Debug|Any CPU
		{F8ADCB34-C115-448E-A6E8-448307AC5F15}.Debug|Any CPU.Build.0 = Debug|Any CPU
		{F8ADCB34-C115-448E-A6E8-448307AC5F15}.Debug|x64.ActiveCfg = Debug|Any CPU
		{F8ADCB34-C115-448E-A6E8-448307AC5F15}.Debug|x64.Build.0 = Debug|Any CPU
		{F8ADCB34-C115-448E-A6E8-448307AC5F15}.Debug|x86.ActiveCfg = Debug|Any CPU
		{F8ADCB34-C115-448E-A6E8-448307AC5F15}.Debug|x86.Build.0 = Debug|Any CPU
		{F8ADCB34-C115-448E-A6E8-448307AC5F15}.Release|Any CPU.ActiveCfg = Release|Any CPU
		{F8ADCB34-C115-448E-A6E8-448307AC5F15}.Release|Any CPU.Build.0 = Release|Any CPU
		{F8ADCB34-C115-448E-A6E8-448307AC5F15}.Release|x64.ActiveCfg = Release|Any CPU
		{F8ADCB34-C115-448E-A6E8-448307AC5F15}.Release|x64.Build.0 = Release|Any CPU
		{F8ADCB34-C115-448E-A6E8-448307AC5F15}.Release|x86.ActiveCfg = Release|Any CPU
		{F8ADCB34-C115-448E-A6E8-448307AC5F15}.Release|x86.Build.0 = Release|Any CPU
		{A89AC8DE-8E0D-4E70-ABAE-88236CC0DDA8}.Debug|Any CPU.ActiveCfg = Debug|Any CPU
		{A89AC8DE-8E0D-4E70-ABAE-88236CC0DDA8}.Debug|Any CPU.Build.0 = Debug|Any CPU
		{A89AC8DE-8E0D-4E70-ABAE-88236CC0DDA8}.Debug|x64.ActiveCfg = Debug|Any CPU
		{A89AC8DE-8E0D-4E70-ABAE-88236CC0DDA8}.Debug|x64.Build.0 = Debug|Any CPU
		{A89AC8DE-8E0D-4E70-ABAE-88236CC0DDA8}.Debug|x86.ActiveCfg = Debug|Any CPU
		{A89AC8DE-8E0D-4E70-ABAE-88236CC0DDA8}.Debug|x86.Build.0 = Debug|Any CPU
		{A89AC8DE-8E0D-4E70-ABAE-88236CC0DDA8}.Release|Any CPU.ActiveCfg = Release|Any CPU
		{A89AC8DE-8E0D-4E70-ABAE-88236CC0DDA8}.Release|Any CPU.Build.0 = Release|Any CPU
		{A89AC8DE-8E0D-4E70-ABAE-88236CC0DDA8}.Release|x64.ActiveCfg = Release|Any CPU
		{A89AC8DE-8E0D-4E70-ABAE-88236CC0DDA8}.Release|x64.Build.0 = Release|Any CPU
		{A89AC8DE-8E0D-4E70-ABAE-88236CC0DDA8}.Release|x86.ActiveCfg = Release|Any CPU
		{A89AC8DE-8E0D-4E70-ABAE-88236CC0DDA8}.Release|x86.Build.0 = Release|Any CPU
		{04156CE5-2297-4C91-9D1F-F39EBDB87C9F}.Debug|Any CPU.ActiveCfg = Debug|Any CPU
		{04156CE5-2297-4C91-9D1F-F39EBDB87C9F}.Debug|Any CPU.Build.0 = Debug|Any CPU
		{04156CE5-2297-4C91-9D1F-F39EBDB87C9F}.Debug|x64.ActiveCfg = Debug|Any CPU
		{04156CE5-2297-4C91-9D1F-F39EBDB87C9F}.Debug|x64.Build.0 = Debug|Any CPU
		{04156CE5-2297-4C91-9D1F-F39EBDB87C9F}.Debug|x86.ActiveCfg = Debug|Any CPU
		{04156CE5-2297-4C91-9D1F-F39EBDB87C9F}.Debug|x86.Build.0 = Debug|Any CPU
		{04156CE5-2297-4C91-9D1F-F39EBDB87C9F}.Release|Any CPU.ActiveCfg = Release|Any CPU
		{04156CE5-2297-4C91-9D1F-F39EBDB87C9F}.Release|Any CPU.Build.0 = Release|Any CPU
		{04156CE5-2297-4C91-9D1F-F39EBDB87C9F}.Release|x64.ActiveCfg = Release|Any CPU
		{04156CE5-2297-4C91-9D1F-F39EBDB87C9F}.Release|x64.Build.0 = Release|Any CPU
		{04156CE5-2297-4C91-9D1F-F39EBDB87C9F}.Release|x86.ActiveCfg = Release|Any CPU
		{04156CE5-2297-4C91-9D1F-F39EBDB87C9F}.Release|x86.Build.0 = Release|Any CPU
		{21530563-A6ED-4691-A5BF-B6D186128088}.Debug|Any CPU.ActiveCfg = Debug|Any CPU
		{21530563-A6ED-4691-A5BF-B6D186128088}.Debug|Any CPU.Build.0 = Debug|Any CPU
		{21530563-A6ED-4691-A5BF-B6D186128088}.Debug|x64.ActiveCfg = Debug|Any CPU
		{21530563-A6ED-4691-A5BF-B6D186128088}.Debug|x64.Build.0 = Debug|Any CPU
		{21530563-A6ED-4691-A5BF-B6D186128088}.Debug|x86.ActiveCfg = Debug|Any CPU
		{21530563-A6ED-4691-A5BF-B6D186128088}.Debug|x86.Build.0 = Debug|Any CPU
		{21530563-A6ED-4691-A5BF-B6D186128088}.Release|Any CPU.ActiveCfg = Release|Any CPU
		{21530563-A6ED-4691-A5BF-B6D186128088}.Release|Any CPU.Build.0 = Release|Any CPU
		{21530563-A6ED-4691-A5BF-B6D186128088}.Release|x64.ActiveCfg = Release|Any CPU
		{21530563-A6ED-4691-A5BF-B6D186128088}.Release|x64.Build.0 = Release|Any CPU
		{21530563-A6ED-4691-A5BF-B6D186128088}.Release|x86.ActiveCfg = Release|Any CPU
		{21530563-A6ED-4691-A5BF-B6D186128088}.Release|x86.Build.0 = Release|Any CPU
		{17ED52AA-B216-47F2-90CD-4E29120C2F9A}.Debug|Any CPU.ActiveCfg = Debug|Any CPU
		{17ED52AA-B216-47F2-90CD-4E29120C2F9A}.Debug|Any CPU.Build.0 = Debug|Any CPU
		{17ED52AA-B216-47F2-90CD-4E29120C2F9A}.Debug|x64.ActiveCfg = Debug|Any CPU
		{17ED52AA-B216-47F2-90CD-4E29120C2F9A}.Debug|x64.Build.0 = Debug|Any CPU
		{17ED52AA-B216-47F2-90CD-4E29120C2F9A}.Debug|x86.ActiveCfg = Debug|Any CPU
		{17ED52AA-B216-47F2-90CD-4E29120C2F9A}.Debug|x86.Build.0 = Debug|Any CPU
		{17ED52AA-B216-47F2-90CD-4E29120C2F9A}.Release|Any CPU.ActiveCfg = Release|Any CPU
		{17ED52AA-B216-47F2-90CD-4E29120C2F9A}.Release|Any CPU.Build.0 = Release|Any CPU
		{17ED52AA-B216-47F2-90CD-4E29120C2F9A}.Release|x64.ActiveCfg = Release|Any CPU
		{17ED52AA-B216-47F2-90CD-4E29120C2F9A}.Release|x64.Build.0 = Release|Any CPU
		{17ED52AA-B216-47F2-90CD-4E29120C2F9A}.Release|x86.ActiveCfg = Release|Any CPU
		{17ED52AA-B216-47F2-90CD-4E29120C2F9A}.Release|x86.Build.0 = Release|Any CPU
		{6A6E311A-7808-4BA6-8CCE-FF13435049AB}.Debug|Any CPU.ActiveCfg = Debug|Any CPU
		{6A6E311A-7808-4BA6-8CCE-FF13435049AB}.Debug|Any CPU.Build.0 = Debug|Any CPU
		{6A6E311A-7808-4BA6-8CCE-FF13435049AB}.Debug|x64.ActiveCfg = Debug|Any CPU
		{6A6E311A-7808-4BA6-8CCE-FF13435049AB}.Debug|x64.Build.0 = Debug|Any CPU
		{6A6E311A-7808-4BA6-8CCE-FF13435049AB}.Debug|x86.ActiveCfg = Debug|Any CPU
		{6A6E311A-7808-4BA6-8CCE-FF13435049AB}.Debug|x86.Build.0 = Debug|Any CPU
		{6A6E311A-7808-4BA6-8CCE-FF13435049AB}.Release|Any CPU.ActiveCfg = Release|Any CPU
		{6A6E311A-7808-4BA6-8CCE-FF13435049AB}.Release|Any CPU.Build.0 = Release|Any CPU
		{6A6E311A-7808-4BA6-8CCE-FF13435049AB}.Release|x64.ActiveCfg = Release|Any CPU
		{6A6E311A-7808-4BA6-8CCE-FF13435049AB}.Release|x64.Build.0 = Release|Any CPU
		{6A6E311A-7808-4BA6-8CCE-FF13435049AB}.Release|x86.ActiveCfg = Release|Any CPU
		{6A6E311A-7808-4BA6-8CCE-FF13435049AB}.Release|x86.Build.0 = Release|Any CPU
		{A5F2ECB9-E623-4D51-ACB4-2B4AD44121C7}.Debug|Any CPU.ActiveCfg = Debug|Any CPU
		{A5F2ECB9-E623-4D51-ACB4-2B4AD44121C7}.Debug|Any CPU.Build.0 = Debug|Any CPU
		{A5F2ECB9-E623-4D51-ACB4-2B4AD44121C7}.Debug|x64.ActiveCfg = Debug|Any CPU
		{A5F2ECB9-E623-4D51-ACB4-2B4AD44121C7}.Debug|x64.Build.0 = Debug|Any CPU
		{A5F2ECB9-E623-4D51-ACB4-2B4AD44121C7}.Debug|x86.ActiveCfg = Debug|Any CPU
		{A5F2ECB9-E623-4D51-ACB4-2B4AD44121C7}.Debug|x86.Build.0 = Debug|Any CPU
		{A5F2ECB9-E623-4D51-ACB4-2B4AD44121C7}.Release|Any CPU.ActiveCfg = Release|Any CPU
		{A5F2ECB9-E623-4D51-ACB4-2B4AD44121C7}.Release|Any CPU.Build.0 = Release|Any CPU
		{A5F2ECB9-E623-4D51-ACB4-2B4AD44121C7}.Release|x64.ActiveCfg = Release|Any CPU
		{A5F2ECB9-E623-4D51-ACB4-2B4AD44121C7}.Release|x64.Build.0 = Release|Any CPU
		{A5F2ECB9-E623-4D51-ACB4-2B4AD44121C7}.Release|x86.ActiveCfg = Release|Any CPU
		{A5F2ECB9-E623-4D51-ACB4-2B4AD44121C7}.Release|x86.Build.0 = Release|Any CPU
		{7AB858BF-FD19-4E5A-A190-16B676C51B8B}.Debug|Any CPU.ActiveCfg = Debug|Any CPU
		{7AB858BF-FD19-4E5A-A190-16B676C51B8B}.Debug|Any CPU.Build.0 = Debug|Any CPU
		{7AB858BF-FD19-4E5A-A190-16B676C51B8B}.Debug|x64.ActiveCfg = Debug|Any CPU
		{7AB858BF-FD19-4E5A-A190-16B676C51B8B}.Debug|x64.Build.0 = Debug|Any CPU
		{7AB858BF-FD19-4E5A-A190-16B676C51B8B}.Debug|x86.ActiveCfg = Debug|Any CPU
		{7AB858BF-FD19-4E5A-A190-16B676C51B8B}.Debug|x86.Build.0 = Debug|Any CPU
		{7AB858BF-FD19-4E5A-A190-16B676C51B8B}.Release|Any CPU.ActiveCfg = Release|Any CPU
		{7AB858BF-FD19-4E5A-A190-16B676C51B8B}.Release|Any CPU.Build.0 = Release|Any CPU
		{7AB858BF-FD19-4E5A-A190-16B676C51B8B}.Release|x64.ActiveCfg = Release|Any CPU
		{7AB858BF-FD19-4E5A-A190-16B676C51B8B}.Release|x64.Build.0 = Release|Any CPU
		{7AB858BF-FD19-4E5A-A190-16B676C51B8B}.Release|x86.ActiveCfg = Release|Any CPU
		{7AB858BF-FD19-4E5A-A190-16B676C51B8B}.Release|x86.Build.0 = Release|Any CPU
		{CA852FA0-7A6C-4380-8C1E-E0B928E2349D}.Debug|Any CPU.ActiveCfg = Debug|Any CPU
		{CA852FA0-7A6C-4380-8C1E-E0B928E2349D}.Debug|Any CPU.Build.0 = Debug|Any CPU
		{CA852FA0-7A6C-4380-8C1E-E0B928E2349D}.Debug|x64.ActiveCfg = Debug|Any CPU
		{CA852FA0-7A6C-4380-8C1E-E0B928E2349D}.Debug|x64.Build.0 = Debug|Any CPU
		{CA852FA0-7A6C-4380-8C1E-E0B928E2349D}.Debug|x86.ActiveCfg = Debug|Any CPU
		{CA852FA0-7A6C-4380-8C1E-E0B928E2349D}.Debug|x86.Build.0 = Debug|Any CPU
		{CA852FA0-7A6C-4380-8C1E-E0B928E2349D}.Release|Any CPU.ActiveCfg = Release|Any CPU
		{CA852FA0-7A6C-4380-8C1E-E0B928E2349D}.Release|Any CPU.Build.0 = Release|Any CPU
		{CA852FA0-7A6C-4380-8C1E-E0B928E2349D}.Release|x64.ActiveCfg = Release|Any CPU
		{CA852FA0-7A6C-4380-8C1E-E0B928E2349D}.Release|x64.Build.0 = Release|Any CPU
		{CA852FA0-7A6C-4380-8C1E-E0B928E2349D}.Release|x86.ActiveCfg = Release|Any CPU
		{CA852FA0-7A6C-4380-8C1E-E0B928E2349D}.Release|x86.Build.0 = Release|Any CPU
		{AFC33F9E-C1BF-41A4-B11F-8A032214257A}.Debug|Any CPU.ActiveCfg = Debug|Any CPU
		{AFC33F9E-C1BF-41A4-B11F-8A032214257A}.Debug|Any CPU.Build.0 = Debug|Any CPU
		{AFC33F9E-C1BF-41A4-B11F-8A032214257A}.Debug|x64.ActiveCfg = Debug|Any CPU
		{AFC33F9E-C1BF-41A4-B11F-8A032214257A}.Debug|x64.Build.0 = Debug|Any CPU
		{AFC33F9E-C1BF-41A4-B11F-8A032214257A}.Debug|x86.ActiveCfg = Debug|Any CPU
		{AFC33F9E-C1BF-41A4-B11F-8A032214257A}.Debug|x86.Build.0 = Debug|Any CPU
		{AFC33F9E-C1BF-41A4-B11F-8A032214257A}.Release|Any CPU.ActiveCfg = Release|Any CPU
		{AFC33F9E-C1BF-41A4-B11F-8A032214257A}.Release|Any CPU.Build.0 = Release|Any CPU
		{AFC33F9E-C1BF-41A4-B11F-8A032214257A}.Release|x64.ActiveCfg = Release|Any CPU
		{AFC33F9E-C1BF-41A4-B11F-8A032214257A}.Release|x64.Build.0 = Release|Any CPU
		{AFC33F9E-C1BF-41A4-B11F-8A032214257A}.Release|x86.ActiveCfg = Release|Any CPU
		{AFC33F9E-C1BF-41A4-B11F-8A032214257A}.Release|x86.Build.0 = Release|Any CPU
		{5837CD44-5167-481D-B37D-B2448CA14F81}.Debug|Any CPU.ActiveCfg = Debug|Any CPU
		{5837CD44-5167-481D-B37D-B2448CA14F81}.Debug|Any CPU.Build.0 = Debug|Any CPU
		{5837CD44-5167-481D-B37D-B2448CA14F81}.Debug|x64.ActiveCfg = Debug|Any CPU
		{5837CD44-5167-481D-B37D-B2448CA14F81}.Debug|x64.Build.0 = Debug|Any CPU
		{5837CD44-5167-481D-B37D-B2448CA14F81}.Debug|x86.ActiveCfg = Debug|Any CPU
		{5837CD44-5167-481D-B37D-B2448CA14F81}.Debug|x86.Build.0 = Debug|Any CPU
		{5837CD44-5167-481D-B37D-B2448CA14F81}.Release|Any CPU.ActiveCfg = Release|Any CPU
		{5837CD44-5167-481D-B37D-B2448CA14F81}.Release|Any CPU.Build.0 = Release|Any CPU
		{5837CD44-5167-481D-B37D-B2448CA14F81}.Release|x64.ActiveCfg = Release|Any CPU
		{5837CD44-5167-481D-B37D-B2448CA14F81}.Release|x64.Build.0 = Release|Any CPU
		{5837CD44-5167-481D-B37D-B2448CA14F81}.Release|x86.ActiveCfg = Release|Any CPU
		{5837CD44-5167-481D-B37D-B2448CA14F81}.Release|x86.Build.0 = Release|Any CPU
		{EBEC1380-5722-42DC-AAA7-22627F914B18}.Debug|Any CPU.ActiveCfg = Debug|Any CPU
		{EBEC1380-5722-42DC-AAA7-22627F914B18}.Debug|Any CPU.Build.0 = Debug|Any CPU
		{EBEC1380-5722-42DC-AAA7-22627F914B18}.Debug|x64.ActiveCfg = Debug|Any CPU
		{EBEC1380-5722-42DC-AAA7-22627F914B18}.Debug|x64.Build.0 = Debug|Any CPU
		{EBEC1380-5722-42DC-AAA7-22627F914B18}.Debug|x86.ActiveCfg = Debug|Any CPU
		{EBEC1380-5722-42DC-AAA7-22627F914B18}.Debug|x86.Build.0 = Debug|Any CPU
		{EBEC1380-5722-42DC-AAA7-22627F914B18}.Release|Any CPU.ActiveCfg = Release|Any CPU
		{EBEC1380-5722-42DC-AAA7-22627F914B18}.Release|Any CPU.Build.0 = Release|Any CPU
		{EBEC1380-5722-42DC-AAA7-22627F914B18}.Release|x64.ActiveCfg = Release|Any CPU
		{EBEC1380-5722-42DC-AAA7-22627F914B18}.Release|x64.Build.0 = Release|Any CPU
		{EBEC1380-5722-42DC-AAA7-22627F914B18}.Release|x86.ActiveCfg = Release|Any CPU
		{EBEC1380-5722-42DC-AAA7-22627F914B18}.Release|x86.Build.0 = Release|Any CPU
		{C7DDF376-7DD1-49BD-8C10-0558D3E863CC}.Debug|Any CPU.ActiveCfg = Debug|Any CPU
		{C7DDF376-7DD1-49BD-8C10-0558D3E863CC}.Debug|Any CPU.Build.0 = Debug|Any CPU
		{C7DDF376-7DD1-49BD-8C10-0558D3E863CC}.Debug|x64.ActiveCfg = Debug|Any CPU
		{C7DDF376-7DD1-49BD-8C10-0558D3E863CC}.Debug|x64.Build.0 = Debug|Any CPU
		{C7DDF376-7DD1-49BD-8C10-0558D3E863CC}.Debug|x86.ActiveCfg = Debug|Any CPU
		{C7DDF376-7DD1-49BD-8C10-0558D3E863CC}.Debug|x86.Build.0 = Debug|Any CPU
		{C7DDF376-7DD1-49BD-8C10-0558D3E863CC}.Release|Any CPU.ActiveCfg = Release|Any CPU
		{C7DDF376-7DD1-49BD-8C10-0558D3E863CC}.Release|Any CPU.Build.0 = Release|Any CPU
		{C7DDF376-7DD1-49BD-8C10-0558D3E863CC}.Release|x64.ActiveCfg = Release|Any CPU
		{C7DDF376-7DD1-49BD-8C10-0558D3E863CC}.Release|x64.Build.0 = Release|Any CPU
		{C7DDF376-7DD1-49BD-8C10-0558D3E863CC}.Release|x86.ActiveCfg = Release|Any CPU
		{C7DDF376-7DD1-49BD-8C10-0558D3E863CC}.Release|x86.Build.0 = Release|Any CPU
		{55B24448-6229-4772-89FE-4A136DFB5118}.Debug|Any CPU.ActiveCfg = Debug|Any CPU
		{55B24448-6229-4772-89FE-4A136DFB5118}.Debug|Any CPU.Build.0 = Debug|Any CPU
		{55B24448-6229-4772-89FE-4A136DFB5118}.Debug|x64.ActiveCfg = Debug|Any CPU
		{55B24448-6229-4772-89FE-4A136DFB5118}.Debug|x64.Build.0 = Debug|Any CPU
		{55B24448-6229-4772-89FE-4A136DFB5118}.Debug|x86.ActiveCfg = Debug|Any CPU
		{55B24448-6229-4772-89FE-4A136DFB5118}.Debug|x86.Build.0 = Debug|Any CPU
		{55B24448-6229-4772-89FE-4A136DFB5118}.Release|Any CPU.ActiveCfg = Release|Any CPU
		{55B24448-6229-4772-89FE-4A136DFB5118}.Release|Any CPU.Build.0 = Release|Any CPU
		{55B24448-6229-4772-89FE-4A136DFB5118}.Release|x64.ActiveCfg = Release|Any CPU
		{55B24448-6229-4772-89FE-4A136DFB5118}.Release|x64.Build.0 = Release|Any CPU
		{55B24448-6229-4772-89FE-4A136DFB5118}.Release|x86.ActiveCfg = Release|Any CPU
		{55B24448-6229-4772-89FE-4A136DFB5118}.Release|x86.Build.0 = Release|Any CPU
		{F4564733-4D06-4A49-B67D-6759188B4E30}.Debug|Any CPU.ActiveCfg = Debug|Any CPU
		{F4564733-4D06-4A49-B67D-6759188B4E30}.Debug|Any CPU.Build.0 = Debug|Any CPU
		{F4564733-4D06-4A49-B67D-6759188B4E30}.Debug|x64.ActiveCfg = Debug|Any CPU
		{F4564733-4D06-4A49-B67D-6759188B4E30}.Debug|x64.Build.0 = Debug|Any CPU
		{F4564733-4D06-4A49-B67D-6759188B4E30}.Debug|x86.ActiveCfg = Debug|Any CPU
		{F4564733-4D06-4A49-B67D-6759188B4E30}.Debug|x86.Build.0 = Debug|Any CPU
		{F4564733-4D06-4A49-B67D-6759188B4E30}.Release|Any CPU.ActiveCfg = Release|Any CPU
		{F4564733-4D06-4A49-B67D-6759188B4E30}.Release|Any CPU.Build.0 = Release|Any CPU
		{F4564733-4D06-4A49-B67D-6759188B4E30}.Release|x64.ActiveCfg = Release|Any CPU
		{F4564733-4D06-4A49-B67D-6759188B4E30}.Release|x64.Build.0 = Release|Any CPU
		{F4564733-4D06-4A49-B67D-6759188B4E30}.Release|x86.ActiveCfg = Release|Any CPU
		{F4564733-4D06-4A49-B67D-6759188B4E30}.Release|x86.Build.0 = Release|Any CPU
		{59C78D74-46E2-43B0-BC30-38AB8EF3C693}.Debug|Any CPU.ActiveCfg = Debug|Any CPU
		{59C78D74-46E2-43B0-BC30-38AB8EF3C693}.Debug|Any CPU.Build.0 = Debug|Any CPU
		{59C78D74-46E2-43B0-BC30-38AB8EF3C693}.Debug|x64.ActiveCfg = Debug|Any CPU
		{59C78D74-46E2-43B0-BC30-38AB8EF3C693}.Debug|x64.Build.0 = Debug|Any CPU
		{59C78D74-46E2-43B0-BC30-38AB8EF3C693}.Debug|x86.ActiveCfg = Debug|Any CPU
		{59C78D74-46E2-43B0-BC30-38AB8EF3C693}.Debug|x86.Build.0 = Debug|Any CPU
		{59C78D74-46E2-43B0-BC30-38AB8EF3C693}.Release|Any CPU.ActiveCfg = Release|Any CPU
		{59C78D74-46E2-43B0-BC30-38AB8EF3C693}.Release|Any CPU.Build.0 = Release|Any CPU
		{59C78D74-46E2-43B0-BC30-38AB8EF3C693}.Release|x64.ActiveCfg = Release|Any CPU
		{59C78D74-46E2-43B0-BC30-38AB8EF3C693}.Release|x64.Build.0 = Release|Any CPU
		{59C78D74-46E2-43B0-BC30-38AB8EF3C693}.Release|x86.ActiveCfg = Release|Any CPU
		{59C78D74-46E2-43B0-BC30-38AB8EF3C693}.Release|x86.Build.0 = Release|Any CPU
	EndGlobalSection
	GlobalSection(NestedProjects) = preSolution
		{F8ADCB34-C115-448E-A6E8-448307AC5F15} = {F2687D8C-5761-49C0-80B6-BFAAA89AE534}
		{A89AC8DE-8E0D-4E70-ABAE-88236CC0DDA8} = {F2687D8C-5761-49C0-80B6-BFAAA89AE534}
		{04156CE5-2297-4C91-9D1F-F39EBDB87C9F} = {6240FDEA-B990-4DAE-A68B-5F02DEC5160B}
		{21530563-A6ED-4691-A5BF-B6D186128088} = {F2687D8C-5761-49C0-80B6-BFAAA89AE534}
		{17ED52AA-B216-47F2-90CD-4E29120C2F9A} = {F2687D8C-5761-49C0-80B6-BFAAA89AE534}
		{6A6E311A-7808-4BA6-8CCE-FF13435049AB} = {6240FDEA-B990-4DAE-A68B-5F02DEC5160B}
		{A5F2ECB9-E623-4D51-ACB4-2B4AD44121C7} = {F2687D8C-5761-49C0-80B6-BFAAA89AE534}
		{7AB858BF-FD19-4E5A-A190-16B676C51B8B} = {6240FDEA-B990-4DAE-A68B-5F02DEC5160B}
		{CA852FA0-7A6C-4380-8C1E-E0B928E2349D} = {F2687D8C-5761-49C0-80B6-BFAAA89AE534}
		{AFC33F9E-C1BF-41A4-B11F-8A032214257A} = {6240FDEA-B990-4DAE-A68B-5F02DEC5160B}
		{5837CD44-5167-481D-B37D-B2448CA14F81} = {F2687D8C-5761-49C0-80B6-BFAAA89AE534}
		{EBEC1380-5722-42DC-AAA7-22627F914B18} = {F2687D8C-5761-49C0-80B6-BFAAA89AE534}
		{C7DDF376-7DD1-49BD-8C10-0558D3E863CC} = {F2687D8C-5761-49C0-80B6-BFAAA89AE534}
		{55B24448-6229-4772-89FE-4A136DFB5118} = {F2687D8C-5761-49C0-80B6-BFAAA89AE534}
		{F4564733-4D06-4A49-B67D-6759188B4E30} = {F2687D8C-5761-49C0-80B6-BFAAA89AE534}
		{59C78D74-46E2-43B0-BC30-38AB8EF3C693} = {F2687D8C-5761-49C0-80B6-BFAAA89AE534}
	EndGlobalSection
EndGlobal
