
Microsoft Visual Studio Solution File, Format Version 12.00
# Visual Studio 15
VisualStudioVersion = 15.0.26124.0
MinimumVisualStudioVersion = 15.0.26124.0
Project("{2150E333-8FDC-42A3-9474-1A3956D46DE8}") = "src", "src", "{F2687D8C-5761-49C0-80B6-BFAAA89AE534}"
EndProject
Project("{FAE04EC0-301F-11D3-BF4B-00C04F79EFBC}") = "EventCore.EventSourcing", "src\EventCore.EventSourcing\EventCore.EventSourcing.csproj", "{F8ADCB34-C115-448E-A6E8-448307AC5F15}"
EndProject
Project("{FAE04EC0-301F-11D3-BF4B-00C04F79EFBC}") = "EventCore.Utilities", "src\EventCore.Utilities\EventCore.Utilities.csproj", "{A89AC8DE-8E0D-4E70-ABAE-88236CC0DDA8}"
EndProject
Project("{2150E333-8FDC-42A3-9474-1A3956D46DE8}") = "test", "test", "{6240FDEA-B990-4DAE-A68B-5F02DEC5160B}"
EndProject
Project("{FAE04EC0-301F-11D3-BF4B-00C04F79EFBC}") = "EventCore.EventSourcing.Tests", "tests\EventCore.EventSourcing.Tests\EventCore.EventSourcing.Tests.csproj", "{04156CE5-2297-4C91-9D1F-F39EBDB87C9F}"
EndProject
Project("{FAE04EC0-301F-11D3-BF4B-00C04F79EFBC}") = "EventCore.Samples.DemoCli", "samples\cli\EventCore.Samples.DemoCli\EventCore.Samples.DemoCli.csproj", "{21530563-A6ED-4691-A5BF-B6D186128088}"
EndProject
Project("{FAE04EC0-301F-11D3-BF4B-00C04F79EFBC}") = "EventCore.StatefulEventSubscriber", "src\EventCore.StatefulEventSubscriber\EventCore.StatefulEventSubscriber.csproj", "{A5F2ECB9-E623-4D51-ACB4-2B4AD44121C7}"
EndProject
Project("{FAE04EC0-301F-11D3-BF4B-00C04F79EFBC}") = "EventCore.StatefulEventSubscriber.Tests", "tests\EventCore.StatefulEventSubscriber.Tests\EventCore.StatefulEventSubscriber.Tests.csproj", "{7AB858BF-FD19-4E5A-A190-16B676C51B8B}"
EndProject
Project("{FAE04EC0-301F-11D3-BF4B-00C04F79EFBC}") = "EventCore.AggregateRoots", "src\EventCore.AggregateRoots\EventCore.AggregateRoots.csproj", "{CA852FA0-7A6C-4380-8C1E-E0B928E2349D}"
EndProject
Project("{FAE04EC0-301F-11D3-BF4B-00C04F79EFBC}") = "EventCore.AggregateRoots.Tests", "tests\EventCore.AggregateRoots.Tests\EventCore.AggregateRoots.Tests.csproj", "{AFC33F9E-C1BF-41A4-B11F-8A032214257A}"
EndProject
Project("{FAE04EC0-301F-11D3-BF4B-00C04F79EFBC}") = "EventCore.Samples.Ecommerce.PublicApi", "samples\Ecommerce\EventCore.Samples.Ecommerce.PublicApi\EventCore.Samples.Ecommerce.PublicApi.csproj", "{55B24448-6229-4772-89FE-4A136DFB5118}"
EndProject
Project("{FAE04EC0-301F-11D3-BF4B-00C04F79EFBC}") = "EventCore.Samples.Ecommerce.DomainApi", "samples\Ecommerce\EventCore.Samples.Ecommerce.DomainApi\EventCore.Samples.Ecommerce.DomainApi.csproj", "{F4564733-4D06-4A49-B67D-6759188B4E30}"
EndProject
Project("{FAE04EC0-301F-11D3-BF4B-00C04F79EFBC}") = "EventCore.Samples.Ecommerce.DomainAzFx", "samples\Ecommerce\EventCore.Samples.Ecommerce.DomainAzFx\EventCore.Samples.Ecommerce.DomainAzFx.csproj", "{59C78D74-46E2-43B0-BC30-38AB8EF3C693}"
EndProject
Project("{FAE04EC0-301F-11D3-BF4B-00C04F79EFBC}") = "EventCore.AggregateRoots.SerializableState.Tests", "tests\EventCore.AggregateRoots.SerializableState.Tests\EventCore.AggregateRoots.SerializableState.Tests.csproj", "{5E247C70-D633-42EE-85C5-ED90CB8D1903}"
EndProject
Project("{FAE04EC0-301F-11D3-BF4B-00C04F79EFBC}") = "EventCore.Samples.Ecommerce.Cli", "samples\Ecommerce\EventCore.Samples.Ecommerce.Cli\EventCore.Samples.Ecommerce.Cli.csproj", "{CE39B02C-6CAF-4EF8-B703-7BD627AF3BEF}"
EndProject
Project("{2150E333-8FDC-42A3-9474-1A3956D46DE8}") = "samples", "samples", "{44BC74F3-26CA-4608-9915-F5BF529EB733}"
EndProject
Project("{FAE04EC0-301F-11D3-BF4B-00C04F79EFBC}") = "EventCore.Samples.Ecommerce.Domain", "samples\Ecommerce\EventCore.Samples.Ecommerce.Domain\EventCore.Samples.Ecommerce.Domain.csproj", "{5A869919-CBEB-44A2-97CF-51EEAD67B375}"
EndProject
Project("{FAE04EC0-301F-11D3-BF4B-00C04F79EFBC}") = "EventCore.Samples.Ecommerce.Domain.Clients", "samples\Ecommerce\EventCore.Samples.Ecommerce.Domain.Clients\EventCore.Samples.Ecommerce.Domain.Clients.csproj", "{FFB2644A-A38A-4635-AE86-8A0A59AE8A42}"
EndProject
Project("{FAE04EC0-301F-11D3-BF4B-00C04F79EFBC}") = "EventCore.Samples.Ecommerce.Domain.Events", "samples\Ecommerce\EventCore.Samples.Ecommerce.Domain.Events\EventCore.Samples.Ecommerce.Domain.Events.csproj", "{04143D6C-68D4-421E-A522-96A034EE2F60}"
EndProject
Project("{FAE04EC0-301F-11D3-BF4B-00C04F79EFBC}") = "EventCore.AggregateRoots.SerializableState", "src\EventCore.AggregateRoots.SerializableState\EventCore.AggregateRoots.SerializableState.csproj", "{0F4263F2-641A-4249-B2DA-E240ECEC211C}"
EndProject
Project("{FAE04EC0-301F-11D3-BF4B-00C04F79EFBC}") = "EventCore.AggregateRoots.DatabaseState", "src\EventCore.AggregateRoots.DatabaseState\EventCore.AggregateRoots.DatabaseState.csproj", "{8F65538D-2CDE-4348-A4EC-CBDCC6E04C6D}"
EndProject
Project("{2150E333-8FDC-42A3-9474-1A3956D46DE8}") = "EventStore", "EventStore", "{58BBF428-AF3C-44A4-9892-87BF3E5186E9}"
EndProject
Project("{FAE04EC0-301F-11D3-BF4B-00C04F79EFBC}") = "EventCore.Samples.SimpleEventStore.Client", "samples\SimpleEventStore\EventCore.Samples.SimpleEventStore.Client\EventCore.Samples.SimpleEventStore.Client.csproj", "{F051EF25-6E20-4145-B433-83D14B5B4CCF}"
EndProject
Project("{FAE04EC0-301F-11D3-BF4B-00C04F79EFBC}") = "EventCore.Samples.SimpleEventStore.StreamDb", "samples\SimpleEventStore\EventCore.Samples.SimpleEventStore.StreamDb\EventCore.Samples.SimpleEventStore.StreamDb.csproj", "{3BACBCC7-89DC-47A6-9B28-7AB1908E5158}"
EndProject
Project("{FAE04EC0-301F-11D3-BF4B-00C04F79EFBC}") = "EventCore.Samples.SimpleEventStore.NotificationsApi", "samples\SimpleEventStore\EventCore.Samples.SimpleEventStore.NotificationsApi\EventCore.Samples.SimpleEventStore.NotificationsApi.csproj", "{85EB69CC-BE54-415A-B0DC-CC02BC365478}"
EndProject
Project("{2150E333-8FDC-42A3-9474-1A3956D46DE8}") = "SimpleEventStore", "SimpleEventStore", "{1AFFE154-3FBC-472A-BD64-51751BAD628F}"
EndProject
Project("{FAE04EC0-301F-11D3-BF4B-00C04F79EFBC}") = "EventCore.Samples.SimpleEventStore.Cli", "samples\SimpleEventStore\EventCore.Samples.SimpleEventStore.Cli\EventCore.Samples.SimpleEventStore.Cli.csproj", "{F90C71E9-C37E-4145-BCC8-F19745D0AFDD}"
EndProject
Project("{2150E333-8FDC-42A3-9474-1A3956D46DE8}") = "GYEventStore", "GYEventStore", "{77201BF1-37AD-48DA-9C99-D170EFF4BA17}"
EndProject
Project("{FAE04EC0-301F-11D3-BF4B-00C04F79EFBC}") = "EventCore.Samples.GYEventStore.StreamClient", "samples\GYEventStore\EventCore.Samples.GYEventStore.StreamClient\EventCore.Samples.GYEventStore.StreamClient.csproj", "{4ED814EE-97E0-4956-9F29-4BF5B97250B4}"
EndProject
Project("{FAE04EC0-301F-11D3-BF4B-00C04F79EFBC}") = "EventCore.Samples.GYEventStore.Cli", "samples\GYEventStore\EventCore.Samples.GYEventStore.Cli\EventCore.Samples.GYEventStore.Cli.csproj", "{EC1D07D4-1FB8-4BD0-AB23-F9303B0E13BB}"
EndProject
Global
	GlobalSection(SolutionConfigurationPlatforms) = preSolution
		Debug|Any CPU = Debug|Any CPU
		Debug|x64 = Debug|x64
		Debug|x86 = Debug|x86
		Release|Any CPU = Release|Any CPU
		Release|x64 = Release|x64
		Release|x86 = Release|x86
	EndGlobalSection
	GlobalSection(SolutionProperties) = preSolution
		HideSolutionNode = FALSE
	EndGlobalSection
	GlobalSection(ProjectConfigurationPlatforms) = postSolution
		{F8ADCB34-C115-448E-A6E8-448307AC5F15}.Debug|Any CPU.ActiveCfg = Debug|Any CPU
		{F8ADCB34-C115-448E-A6E8-448307AC5F15}.Debug|Any CPU.Build.0 = Debug|Any CPU
		{F8ADCB34-C115-448E-A6E8-448307AC5F15}.Debug|x64.ActiveCfg = Debug|Any CPU
		{F8ADCB34-C115-448E-A6E8-448307AC5F15}.Debug|x64.Build.0 = Debug|Any CPU
		{F8ADCB34-C115-448E-A6E8-448307AC5F15}.Debug|x86.ActiveCfg = Debug|Any CPU
		{F8ADCB34-C115-448E-A6E8-448307AC5F15}.Debug|x86.Build.0 = Debug|Any CPU
		{F8ADCB34-C115-448E-A6E8-448307AC5F15}.Release|Any CPU.ActiveCfg = Release|Any CPU
		{F8ADCB34-C115-448E-A6E8-448307AC5F15}.Release|Any CPU.Build.0 = Release|Any CPU
		{F8ADCB34-C115-448E-A6E8-448307AC5F15}.Release|x64.ActiveCfg = Release|Any CPU
		{F8ADCB34-C115-448E-A6E8-448307AC5F15}.Release|x64.Build.0 = Release|Any CPU
		{F8ADCB34-C115-448E-A6E8-448307AC5F15}.Release|x86.ActiveCfg = Release|Any CPU
		{F8ADCB34-C115-448E-A6E8-448307AC5F15}.Release|x86.Build.0 = Release|Any CPU
		{A89AC8DE-8E0D-4E70-ABAE-88236CC0DDA8}.Debug|Any CPU.ActiveCfg = Debug|Any CPU
		{A89AC8DE-8E0D-4E70-ABAE-88236CC0DDA8}.Debug|Any CPU.Build.0 = Debug|Any CPU
		{A89AC8DE-8E0D-4E70-ABAE-88236CC0DDA8}.Debug|x64.ActiveCfg = Debug|Any CPU
		{A89AC8DE-8E0D-4E70-ABAE-88236CC0DDA8}.Debug|x64.Build.0 = Debug|Any CPU
		{A89AC8DE-8E0D-4E70-ABAE-88236CC0DDA8}.Debug|x86.ActiveCfg = Debug|Any CPU
		{A89AC8DE-8E0D-4E70-ABAE-88236CC0DDA8}.Debug|x86.Build.0 = Debug|Any CPU
		{A89AC8DE-8E0D-4E70-ABAE-88236CC0DDA8}.Release|Any CPU.ActiveCfg = Release|Any CPU
		{A89AC8DE-8E0D-4E70-ABAE-88236CC0DDA8}.Release|Any CPU.Build.0 = Release|Any CPU
		{A89AC8DE-8E0D-4E70-ABAE-88236CC0DDA8}.Release|x64.ActiveCfg = Release|Any CPU
		{A89AC8DE-8E0D-4E70-ABAE-88236CC0DDA8}.Release|x64.Build.0 = Release|Any CPU
		{A89AC8DE-8E0D-4E70-ABAE-88236CC0DDA8}.Release|x86.ActiveCfg = Release|Any CPU
		{A89AC8DE-8E0D-4E70-ABAE-88236CC0DDA8}.Release|x86.Build.0 = Release|Any CPU
		{04156CE5-2297-4C91-9D1F-F39EBDB87C9F}.Debug|Any CPU.ActiveCfg = Debug|Any CPU
		{04156CE5-2297-4C91-9D1F-F39EBDB87C9F}.Debug|Any CPU.Build.0 = Debug|Any CPU
		{04156CE5-2297-4C91-9D1F-F39EBDB87C9F}.Debug|x64.ActiveCfg = Debug|Any CPU
		{04156CE5-2297-4C91-9D1F-F39EBDB87C9F}.Debug|x64.Build.0 = Debug|Any CPU
		{04156CE5-2297-4C91-9D1F-F39EBDB87C9F}.Debug|x86.ActiveCfg = Debug|Any CPU
		{04156CE5-2297-4C91-9D1F-F39EBDB87C9F}.Debug|x86.Build.0 = Debug|Any CPU
		{04156CE5-2297-4C91-9D1F-F39EBDB87C9F}.Release|Any CPU.ActiveCfg = Release|Any CPU
		{04156CE5-2297-4C91-9D1F-F39EBDB87C9F}.Release|Any CPU.Build.0 = Release|Any CPU
		{04156CE5-2297-4C91-9D1F-F39EBDB87C9F}.Release|x64.ActiveCfg = Release|Any CPU
		{04156CE5-2297-4C91-9D1F-F39EBDB87C9F}.Release|x64.Build.0 = Release|Any CPU
		{04156CE5-2297-4C91-9D1F-F39EBDB87C9F}.Release|x86.ActiveCfg = Release|Any CPU
		{04156CE5-2297-4C91-9D1F-F39EBDB87C9F}.Release|x86.Build.0 = Release|Any CPU
		{A5F2ECB9-E623-4D51-ACB4-2B4AD44121C7}.Debug|Any CPU.ActiveCfg = Debug|Any CPU
		{A5F2ECB9-E623-4D51-ACB4-2B4AD44121C7}.Debug|Any CPU.Build.0 = Debug|Any CPU
		{A5F2ECB9-E623-4D51-ACB4-2B4AD44121C7}.Debug|x64.ActiveCfg = Debug|Any CPU
		{A5F2ECB9-E623-4D51-ACB4-2B4AD44121C7}.Debug|x64.Build.0 = Debug|Any CPU
		{A5F2ECB9-E623-4D51-ACB4-2B4AD44121C7}.Debug|x86.ActiveCfg = Debug|Any CPU
		{A5F2ECB9-E623-4D51-ACB4-2B4AD44121C7}.Debug|x86.Build.0 = Debug|Any CPU
		{A5F2ECB9-E623-4D51-ACB4-2B4AD44121C7}.Release|Any CPU.ActiveCfg = Release|Any CPU
		{A5F2ECB9-E623-4D51-ACB4-2B4AD44121C7}.Release|Any CPU.Build.0 = Release|Any CPU
		{A5F2ECB9-E623-4D51-ACB4-2B4AD44121C7}.Release|x64.ActiveCfg = Release|Any CPU
		{A5F2ECB9-E623-4D51-ACB4-2B4AD44121C7}.Release|x64.Build.0 = Release|Any CPU
		{A5F2ECB9-E623-4D51-ACB4-2B4AD44121C7}.Release|x86.ActiveCfg = Release|Any CPU
		{A5F2ECB9-E623-4D51-ACB4-2B4AD44121C7}.Release|x86.Build.0 = Release|Any CPU
		{7AB858BF-FD19-4E5A-A190-16B676C51B8B}.Debug|Any CPU.ActiveCfg = Debug|Any CPU
		{7AB858BF-FD19-4E5A-A190-16B676C51B8B}.Debug|Any CPU.Build.0 = Debug|Any CPU
		{7AB858BF-FD19-4E5A-A190-16B676C51B8B}.Debug|x64.ActiveCfg = Debug|Any CPU
		{7AB858BF-FD19-4E5A-A190-16B676C51B8B}.Debug|x64.Build.0 = Debug|Any CPU
		{7AB858BF-FD19-4E5A-A190-16B676C51B8B}.Debug|x86.ActiveCfg = Debug|Any CPU
		{7AB858BF-FD19-4E5A-A190-16B676C51B8B}.Debug|x86.Build.0 = Debug|Any CPU
		{7AB858BF-FD19-4E5A-A190-16B676C51B8B}.Release|Any CPU.ActiveCfg = Release|Any CPU
		{7AB858BF-FD19-4E5A-A190-16B676C51B8B}.Release|Any CPU.Build.0 = Release|Any CPU
		{7AB858BF-FD19-4E5A-A190-16B676C51B8B}.Release|x64.ActiveCfg = Release|Any CPU
		{7AB858BF-FD19-4E5A-A190-16B676C51B8B}.Release|x64.Build.0 = Release|Any CPU
		{7AB858BF-FD19-4E5A-A190-16B676C51B8B}.Release|x86.ActiveCfg = Release|Any CPU
		{7AB858BF-FD19-4E5A-A190-16B676C51B8B}.Release|x86.Build.0 = Release|Any CPU
		{CA852FA0-7A6C-4380-8C1E-E0B928E2349D}.Debug|Any CPU.ActiveCfg = Debug|Any CPU
		{CA852FA0-7A6C-4380-8C1E-E0B928E2349D}.Debug|Any CPU.Build.0 = Debug|Any CPU
		{CA852FA0-7A6C-4380-8C1E-E0B928E2349D}.Debug|x64.ActiveCfg = Debug|Any CPU
		{CA852FA0-7A6C-4380-8C1E-E0B928E2349D}.Debug|x64.Build.0 = Debug|Any CPU
		{CA852FA0-7A6C-4380-8C1E-E0B928E2349D}.Debug|x86.ActiveCfg = Debug|Any CPU
		{CA852FA0-7A6C-4380-8C1E-E0B928E2349D}.Debug|x86.Build.0 = Debug|Any CPU
		{CA852FA0-7A6C-4380-8C1E-E0B928E2349D}.Release|Any CPU.ActiveCfg = Release|Any CPU
		{CA852FA0-7A6C-4380-8C1E-E0B928E2349D}.Release|Any CPU.Build.0 = Release|Any CPU
		{CA852FA0-7A6C-4380-8C1E-E0B928E2349D}.Release|x64.ActiveCfg = Release|Any CPU
		{CA852FA0-7A6C-4380-8C1E-E0B928E2349D}.Release|x64.Build.0 = Release|Any CPU
		{CA852FA0-7A6C-4380-8C1E-E0B928E2349D}.Release|x86.ActiveCfg = Release|Any CPU
		{CA852FA0-7A6C-4380-8C1E-E0B928E2349D}.Release|x86.Build.0 = Release|Any CPU
		{AFC33F9E-C1BF-41A4-B11F-8A032214257A}.Debug|Any CPU.ActiveCfg = Debug|Any CPU
		{AFC33F9E-C1BF-41A4-B11F-8A032214257A}.Debug|Any CPU.Build.0 = Debug|Any CPU
		{AFC33F9E-C1BF-41A4-B11F-8A032214257A}.Debug|x64.ActiveCfg = Debug|Any CPU
		{AFC33F9E-C1BF-41A4-B11F-8A032214257A}.Debug|x64.Build.0 = Debug|Any CPU
		{AFC33F9E-C1BF-41A4-B11F-8A032214257A}.Debug|x86.ActiveCfg = Debug|Any CPU
		{AFC33F9E-C1BF-41A4-B11F-8A032214257A}.Debug|x86.Build.0 = Debug|Any CPU
		{AFC33F9E-C1BF-41A4-B11F-8A032214257A}.Release|Any CPU.ActiveCfg = Release|Any CPU
		{AFC33F9E-C1BF-41A4-B11F-8A032214257A}.Release|Any CPU.Build.0 = Release|Any CPU
		{AFC33F9E-C1BF-41A4-B11F-8A032214257A}.Release|x64.ActiveCfg = Release|Any CPU
		{AFC33F9E-C1BF-41A4-B11F-8A032214257A}.Release|x64.Build.0 = Release|Any CPU
		{AFC33F9E-C1BF-41A4-B11F-8A032214257A}.Release|x86.ActiveCfg = Release|Any CPU
		{AFC33F9E-C1BF-41A4-B11F-8A032214257A}.Release|x86.Build.0 = Release|Any CPU
		{55B24448-6229-4772-89FE-4A136DFB5118}.Debug|Any CPU.ActiveCfg = Debug|Any CPU
		{55B24448-6229-4772-89FE-4A136DFB5118}.Debug|Any CPU.Build.0 = Debug|Any CPU
		{55B24448-6229-4772-89FE-4A136DFB5118}.Debug|x64.ActiveCfg = Debug|Any CPU
		{55B24448-6229-4772-89FE-4A136DFB5118}.Debug|x64.Build.0 = Debug|Any CPU
		{55B24448-6229-4772-89FE-4A136DFB5118}.Debug|x86.ActiveCfg = Debug|Any CPU
		{55B24448-6229-4772-89FE-4A136DFB5118}.Debug|x86.Build.0 = Debug|Any CPU
		{55B24448-6229-4772-89FE-4A136DFB5118}.Release|Any CPU.ActiveCfg = Release|Any CPU
		{55B24448-6229-4772-89FE-4A136DFB5118}.Release|Any CPU.Build.0 = Release|Any CPU
		{55B24448-6229-4772-89FE-4A136DFB5118}.Release|x64.ActiveCfg = Release|Any CPU
		{55B24448-6229-4772-89FE-4A136DFB5118}.Release|x64.Build.0 = Release|Any CPU
		{55B24448-6229-4772-89FE-4A136DFB5118}.Release|x86.ActiveCfg = Release|Any CPU
		{55B24448-6229-4772-89FE-4A136DFB5118}.Release|x86.Build.0 = Release|Any CPU
		{F4564733-4D06-4A49-B67D-6759188B4E30}.Debug|Any CPU.ActiveCfg = Debug|Any CPU
		{F4564733-4D06-4A49-B67D-6759188B4E30}.Debug|Any CPU.Build.0 = Debug|Any CPU
		{F4564733-4D06-4A49-B67D-6759188B4E30}.Debug|x64.ActiveCfg = Debug|Any CPU
		{F4564733-4D06-4A49-B67D-6759188B4E30}.Debug|x64.Build.0 = Debug|Any CPU
		{F4564733-4D06-4A49-B67D-6759188B4E30}.Debug|x86.ActiveCfg = Debug|Any CPU
		{F4564733-4D06-4A49-B67D-6759188B4E30}.Debug|x86.Build.0 = Debug|Any CPU
		{F4564733-4D06-4A49-B67D-6759188B4E30}.Release|Any CPU.ActiveCfg = Release|Any CPU
		{F4564733-4D06-4A49-B67D-6759188B4E30}.Release|Any CPU.Build.0 = Release|Any CPU
		{F4564733-4D06-4A49-B67D-6759188B4E30}.Release|x64.ActiveCfg = Release|Any CPU
		{F4564733-4D06-4A49-B67D-6759188B4E30}.Release|x64.Build.0 = Release|Any CPU
		{F4564733-4D06-4A49-B67D-6759188B4E30}.Release|x86.ActiveCfg = Release|Any CPU
		{F4564733-4D06-4A49-B67D-6759188B4E30}.Release|x86.Build.0 = Release|Any CPU
		{59C78D74-46E2-43B0-BC30-38AB8EF3C693}.Debug|Any CPU.ActiveCfg = Debug|Any CPU
		{59C78D74-46E2-43B0-BC30-38AB8EF3C693}.Debug|Any CPU.Build.0 = Debug|Any CPU
		{59C78D74-46E2-43B0-BC30-38AB8EF3C693}.Debug|x64.ActiveCfg = Debug|Any CPU
		{59C78D74-46E2-43B0-BC30-38AB8EF3C693}.Debug|x64.Build.0 = Debug|Any CPU
		{59C78D74-46E2-43B0-BC30-38AB8EF3C693}.Debug|x86.ActiveCfg = Debug|Any CPU
		{59C78D74-46E2-43B0-BC30-38AB8EF3C693}.Debug|x86.Build.0 = Debug|Any CPU
		{59C78D74-46E2-43B0-BC30-38AB8EF3C693}.Release|Any CPU.ActiveCfg = Release|Any CPU
		{59C78D74-46E2-43B0-BC30-38AB8EF3C693}.Release|Any CPU.Build.0 = Release|Any CPU
		{59C78D74-46E2-43B0-BC30-38AB8EF3C693}.Release|x64.ActiveCfg = Release|Any CPU
		{59C78D74-46E2-43B0-BC30-38AB8EF3C693}.Release|x64.Build.0 = Release|Any CPU
		{59C78D74-46E2-43B0-BC30-38AB8EF3C693}.Release|x86.ActiveCfg = Release|Any CPU
		{59C78D74-46E2-43B0-BC30-38AB8EF3C693}.Release|x86.Build.0 = Release|Any CPU
		{5E247C70-D633-42EE-85C5-ED90CB8D1903}.Debug|Any CPU.ActiveCfg = Debug|Any CPU
		{5E247C70-D633-42EE-85C5-ED90CB8D1903}.Debug|Any CPU.Build.0 = Debug|Any CPU
		{5E247C70-D633-42EE-85C5-ED90CB8D1903}.Debug|x64.ActiveCfg = Debug|Any CPU
		{5E247C70-D633-42EE-85C5-ED90CB8D1903}.Debug|x64.Build.0 = Debug|Any CPU
		{5E247C70-D633-42EE-85C5-ED90CB8D1903}.Debug|x86.ActiveCfg = Debug|Any CPU
		{5E247C70-D633-42EE-85C5-ED90CB8D1903}.Debug|x86.Build.0 = Debug|Any CPU
		{5E247C70-D633-42EE-85C5-ED90CB8D1903}.Release|Any CPU.ActiveCfg = Release|Any CPU
		{5E247C70-D633-42EE-85C5-ED90CB8D1903}.Release|Any CPU.Build.0 = Release|Any CPU
		{5E247C70-D633-42EE-85C5-ED90CB8D1903}.Release|x64.ActiveCfg = Release|Any CPU
		{5E247C70-D633-42EE-85C5-ED90CB8D1903}.Release|x64.Build.0 = Release|Any CPU
		{5E247C70-D633-42EE-85C5-ED90CB8D1903}.Release|x86.ActiveCfg = Release|Any CPU
		{5E247C70-D633-42EE-85C5-ED90CB8D1903}.Release|x86.Build.0 = Release|Any CPU
		{CE39B02C-6CAF-4EF8-B703-7BD627AF3BEF}.Debug|Any CPU.ActiveCfg = Debug|Any CPU
		{CE39B02C-6CAF-4EF8-B703-7BD627AF3BEF}.Debug|Any CPU.Build.0 = Debug|Any CPU
		{CE39B02C-6CAF-4EF8-B703-7BD627AF3BEF}.Debug|x64.ActiveCfg = Debug|Any CPU
		{CE39B02C-6CAF-4EF8-B703-7BD627AF3BEF}.Debug|x64.Build.0 = Debug|Any CPU
		{CE39B02C-6CAF-4EF8-B703-7BD627AF3BEF}.Debug|x86.ActiveCfg = Debug|Any CPU
		{CE39B02C-6CAF-4EF8-B703-7BD627AF3BEF}.Debug|x86.Build.0 = Debug|Any CPU
		{CE39B02C-6CAF-4EF8-B703-7BD627AF3BEF}.Release|Any CPU.ActiveCfg = Release|Any CPU
		{CE39B02C-6CAF-4EF8-B703-7BD627AF3BEF}.Release|Any CPU.Build.0 = Release|Any CPU
		{CE39B02C-6CAF-4EF8-B703-7BD627AF3BEF}.Release|x64.ActiveCfg = Release|Any CPU
		{CE39B02C-6CAF-4EF8-B703-7BD627AF3BEF}.Release|x64.Build.0 = Release|Any CPU
		{CE39B02C-6CAF-4EF8-B703-7BD627AF3BEF}.Release|x86.ActiveCfg = Release|Any CPU
		{CE39B02C-6CAF-4EF8-B703-7BD627AF3BEF}.Release|x86.Build.0 = Release|Any CPU
		{5A869919-CBEB-44A2-97CF-51EEAD67B375}.Debug|Any CPU.ActiveCfg = Debug|Any CPU
		{5A869919-CBEB-44A2-97CF-51EEAD67B375}.Debug|Any CPU.Build.0 = Debug|Any CPU
		{5A869919-CBEB-44A2-97CF-51EEAD67B375}.Debug|x64.ActiveCfg = Debug|Any CPU
		{5A869919-CBEB-44A2-97CF-51EEAD67B375}.Debug|x64.Build.0 = Debug|Any CPU
		{5A869919-CBEB-44A2-97CF-51EEAD67B375}.Debug|x86.ActiveCfg = Debug|Any CPU
		{5A869919-CBEB-44A2-97CF-51EEAD67B375}.Debug|x86.Build.0 = Debug|Any CPU
		{5A869919-CBEB-44A2-97CF-51EEAD67B375}.Release|Any CPU.ActiveCfg = Release|Any CPU
		{5A869919-CBEB-44A2-97CF-51EEAD67B375}.Release|Any CPU.Build.0 = Release|Any CPU
		{5A869919-CBEB-44A2-97CF-51EEAD67B375}.Release|x64.ActiveCfg = Release|Any CPU
		{5A869919-CBEB-44A2-97CF-51EEAD67B375}.Release|x64.Build.0 = Release|Any CPU
		{5A869919-CBEB-44A2-97CF-51EEAD67B375}.Release|x86.ActiveCfg = Release|Any CPU
		{5A869919-CBEB-44A2-97CF-51EEAD67B375}.Release|x86.Build.0 = Release|Any CPU
		{FFB2644A-A38A-4635-AE86-8A0A59AE8A42}.Debug|Any CPU.ActiveCfg = Debug|Any CPU
		{FFB2644A-A38A-4635-AE86-8A0A59AE8A42}.Debug|Any CPU.Build.0 = Debug|Any CPU
		{FFB2644A-A38A-4635-AE86-8A0A59AE8A42}.Debug|x64.ActiveCfg = Debug|Any CPU
		{FFB2644A-A38A-4635-AE86-8A0A59AE8A42}.Debug|x64.Build.0 = Debug|Any CPU
		{FFB2644A-A38A-4635-AE86-8A0A59AE8A42}.Debug|x86.ActiveCfg = Debug|Any CPU
		{FFB2644A-A38A-4635-AE86-8A0A59AE8A42}.Debug|x86.Build.0 = Debug|Any CPU
		{FFB2644A-A38A-4635-AE86-8A0A59AE8A42}.Release|Any CPU.ActiveCfg = Release|Any CPU
		{FFB2644A-A38A-4635-AE86-8A0A59AE8A42}.Release|Any CPU.Build.0 = Release|Any CPU
		{FFB2644A-A38A-4635-AE86-8A0A59AE8A42}.Release|x64.ActiveCfg = Release|Any CPU
		{FFB2644A-A38A-4635-AE86-8A0A59AE8A42}.Release|x64.Build.0 = Release|Any CPU
		{FFB2644A-A38A-4635-AE86-8A0A59AE8A42}.Release|x86.ActiveCfg = Release|Any CPU
		{FFB2644A-A38A-4635-AE86-8A0A59AE8A42}.Release|x86.Build.0 = Release|Any CPU
		{04143D6C-68D4-421E-A522-96A034EE2F60}.Debug|Any CPU.ActiveCfg = Debug|Any CPU
		{04143D6C-68D4-421E-A522-96A034EE2F60}.Debug|Any CPU.Build.0 = Debug|Any CPU
		{04143D6C-68D4-421E-A522-96A034EE2F60}.Debug|x64.ActiveCfg = Debug|Any CPU
		{04143D6C-68D4-421E-A522-96A034EE2F60}.Debug|x64.Build.0 = Debug|Any CPU
		{04143D6C-68D4-421E-A522-96A034EE2F60}.Debug|x86.ActiveCfg = Debug|Any CPU
		{04143D6C-68D4-421E-A522-96A034EE2F60}.Debug|x86.Build.0 = Debug|Any CPU
		{04143D6C-68D4-421E-A522-96A034EE2F60}.Release|Any CPU.ActiveCfg = Release|Any CPU
		{04143D6C-68D4-421E-A522-96A034EE2F60}.Release|Any CPU.Build.0 = Release|Any CPU
		{04143D6C-68D4-421E-A522-96A034EE2F60}.Release|x64.ActiveCfg = Release|Any CPU
		{04143D6C-68D4-421E-A522-96A034EE2F60}.Release|x64.Build.0 = Release|Any CPU
		{04143D6C-68D4-421E-A522-96A034EE2F60}.Release|x86.ActiveCfg = Release|Any CPU
		{04143D6C-68D4-421E-A522-96A034EE2F60}.Release|x86.Build.0 = Release|Any CPU
		{0F4263F2-641A-4249-B2DA-E240ECEC211C}.Debug|Any CPU.ActiveCfg = Debug|Any CPU
		{0F4263F2-641A-4249-B2DA-E240ECEC211C}.Debug|Any CPU.Build.0 = Debug|Any CPU
		{0F4263F2-641A-4249-B2DA-E240ECEC211C}.Debug|x64.ActiveCfg = Debug|Any CPU
		{0F4263F2-641A-4249-B2DA-E240ECEC211C}.Debug|x64.Build.0 = Debug|Any CPU
		{0F4263F2-641A-4249-B2DA-E240ECEC211C}.Debug|x86.ActiveCfg = Debug|Any CPU
		{0F4263F2-641A-4249-B2DA-E240ECEC211C}.Debug|x86.Build.0 = Debug|Any CPU
		{0F4263F2-641A-4249-B2DA-E240ECEC211C}.Release|Any CPU.ActiveCfg = Release|Any CPU
		{0F4263F2-641A-4249-B2DA-E240ECEC211C}.Release|Any CPU.Build.0 = Release|Any CPU
		{0F4263F2-641A-4249-B2DA-E240ECEC211C}.Release|x64.ActiveCfg = Release|Any CPU
		{0F4263F2-641A-4249-B2DA-E240ECEC211C}.Release|x64.Build.0 = Release|Any CPU
		{0F4263F2-641A-4249-B2DA-E240ECEC211C}.Release|x86.ActiveCfg = Release|Any CPU
		{0F4263F2-641A-4249-B2DA-E240ECEC211C}.Release|x86.Build.0 = Release|Any CPU
		{8F65538D-2CDE-4348-A4EC-CBDCC6E04C6D}.Debug|Any CPU.ActiveCfg = Debug|Any CPU
		{8F65538D-2CDE-4348-A4EC-CBDCC6E04C6D}.Debug|Any CPU.Build.0 = Debug|Any CPU
		{8F65538D-2CDE-4348-A4EC-CBDCC6E04C6D}.Debug|x64.ActiveCfg = Debug|Any CPU
		{8F65538D-2CDE-4348-A4EC-CBDCC6E04C6D}.Debug|x64.Build.0 = Debug|Any CPU
		{8F65538D-2CDE-4348-A4EC-CBDCC6E04C6D}.Debug|x86.ActiveCfg = Debug|Any CPU
		{8F65538D-2CDE-4348-A4EC-CBDCC6E04C6D}.Debug|x86.Build.0 = Debug|Any CPU
		{8F65538D-2CDE-4348-A4EC-CBDCC6E04C6D}.Release|Any CPU.ActiveCfg = Release|Any CPU
		{8F65538D-2CDE-4348-A4EC-CBDCC6E04C6D}.Release|Any CPU.Build.0 = Release|Any CPU
		{8F65538D-2CDE-4348-A4EC-CBDCC6E04C6D}.Release|x64.ActiveCfg = Release|Any CPU
		{8F65538D-2CDE-4348-A4EC-CBDCC6E04C6D}.Release|x64.Build.0 = Release|Any CPU
		{8F65538D-2CDE-4348-A4EC-CBDCC6E04C6D}.Release|x86.ActiveCfg = Release|Any CPU
		{8F65538D-2CDE-4348-A4EC-CBDCC6E04C6D}.Release|x86.Build.0 = Release|Any CPU
		{F051EF25-6E20-4145-B433-83D14B5B4CCF}.Debug|Any CPU.ActiveCfg = Debug|Any CPU
		{F051EF25-6E20-4145-B433-83D14B5B4CCF}.Debug|Any CPU.Build.0 = Debug|Any CPU
		{F051EF25-6E20-4145-B433-83D14B5B4CCF}.Debug|x64.ActiveCfg = Debug|Any CPU
		{F051EF25-6E20-4145-B433-83D14B5B4CCF}.Debug|x64.Build.0 = Debug|Any CPU
		{F051EF25-6E20-4145-B433-83D14B5B4CCF}.Debug|x86.ActiveCfg = Debug|Any CPU
		{F051EF25-6E20-4145-B433-83D14B5B4CCF}.Debug|x86.Build.0 = Debug|Any CPU
		{F051EF25-6E20-4145-B433-83D14B5B4CCF}.Release|Any CPU.ActiveCfg = Release|Any CPU
		{F051EF25-6E20-4145-B433-83D14B5B4CCF}.Release|Any CPU.Build.0 = Release|Any CPU
		{F051EF25-6E20-4145-B433-83D14B5B4CCF}.Release|x64.ActiveCfg = Release|Any CPU
		{F051EF25-6E20-4145-B433-83D14B5B4CCF}.Release|x64.Build.0 = Release|Any CPU
		{F051EF25-6E20-4145-B433-83D14B5B4CCF}.Release|x86.ActiveCfg = Release|Any CPU
		{F051EF25-6E20-4145-B433-83D14B5B4CCF}.Release|x86.Build.0 = Release|Any CPU
		{3BACBCC7-89DC-47A6-9B28-7AB1908E5158}.Debug|Any CPU.ActiveCfg = Debug|Any CPU
		{3BACBCC7-89DC-47A6-9B28-7AB1908E5158}.Debug|Any CPU.Build.0 = Debug|Any CPU
		{3BACBCC7-89DC-47A6-9B28-7AB1908E5158}.Debug|x64.ActiveCfg = Debug|Any CPU
		{3BACBCC7-89DC-47A6-9B28-7AB1908E5158}.Debug|x64.Build.0 = Debug|Any CPU
		{3BACBCC7-89DC-47A6-9B28-7AB1908E5158}.Debug|x86.ActiveCfg = Debug|Any CPU
		{3BACBCC7-89DC-47A6-9B28-7AB1908E5158}.Debug|x86.Build.0 = Debug|Any CPU
		{3BACBCC7-89DC-47A6-9B28-7AB1908E5158}.Release|Any CPU.ActiveCfg = Release|Any CPU
		{3BACBCC7-89DC-47A6-9B28-7AB1908E5158}.Release|Any CPU.Build.0 = Release|Any CPU
		{3BACBCC7-89DC-47A6-9B28-7AB1908E5158}.Release|x64.ActiveCfg = Release|Any CPU
		{3BACBCC7-89DC-47A6-9B28-7AB1908E5158}.Release|x64.Build.0 = Release|Any CPU
		{3BACBCC7-89DC-47A6-9B28-7AB1908E5158}.Release|x86.ActiveCfg = Release|Any CPU
		{3BACBCC7-89DC-47A6-9B28-7AB1908E5158}.Release|x86.Build.0 = Release|Any CPU
		{85EB69CC-BE54-415A-B0DC-CC02BC365478}.Debug|Any CPU.ActiveCfg = Debug|Any CPU
		{85EB69CC-BE54-415A-B0DC-CC02BC365478}.Debug|Any CPU.Build.0 = Debug|Any CPU
		{85EB69CC-BE54-415A-B0DC-CC02BC365478}.Debug|x64.ActiveCfg = Debug|Any CPU
		{85EB69CC-BE54-415A-B0DC-CC02BC365478}.Debug|x64.Build.0 = Debug|Any CPU
		{85EB69CC-BE54-415A-B0DC-CC02BC365478}.Debug|x86.ActiveCfg = Debug|Any CPU
		{85EB69CC-BE54-415A-B0DC-CC02BC365478}.Debug|x86.Build.0 = Debug|Any CPU
		{85EB69CC-BE54-415A-B0DC-CC02BC365478}.Release|Any CPU.ActiveCfg = Release|Any CPU
		{85EB69CC-BE54-415A-B0DC-CC02BC365478}.Release|Any CPU.Build.0 = Release|Any CPU
		{85EB69CC-BE54-415A-B0DC-CC02BC365478}.Release|x64.ActiveCfg = Release|Any CPU
		{85EB69CC-BE54-415A-B0DC-CC02BC365478}.Release|x64.Build.0 = Release|Any CPU
		{85EB69CC-BE54-415A-B0DC-CC02BC365478}.Release|x86.ActiveCfg = Release|Any CPU
		{85EB69CC-BE54-415A-B0DC-CC02BC365478}.Release|x86.Build.0 = Release|Any CPU
		{F90C71E9-C37E-4145-BCC8-F19745D0AFDD}.Debug|Any CPU.ActiveCfg = Debug|Any CPU
		{F90C71E9-C37E-4145-BCC8-F19745D0AFDD}.Debug|Any CPU.Build.0 = Debug|Any CPU
		{F90C71E9-C37E-4145-BCC8-F19745D0AFDD}.Debug|x64.ActiveCfg = Debug|Any CPU
		{F90C71E9-C37E-4145-BCC8-F19745D0AFDD}.Debug|x64.Build.0 = Debug|Any CPU
		{F90C71E9-C37E-4145-BCC8-F19745D0AFDD}.Debug|x86.ActiveCfg = Debug|Any CPU
		{F90C71E9-C37E-4145-BCC8-F19745D0AFDD}.Debug|x86.Build.0 = Debug|Any CPU
		{F90C71E9-C37E-4145-BCC8-F19745D0AFDD}.Release|Any CPU.ActiveCfg = Release|Any CPU
		{F90C71E9-C37E-4145-BCC8-F19745D0AFDD}.Release|Any CPU.Build.0 = Release|Any CPU
		{F90C71E9-C37E-4145-BCC8-F19745D0AFDD}.Release|x64.ActiveCfg = Release|Any CPU
		{F90C71E9-C37E-4145-BCC8-F19745D0AFDD}.Release|x64.Build.0 = Release|Any CPU
		{F90C71E9-C37E-4145-BCC8-F19745D0AFDD}.Release|x86.ActiveCfg = Release|Any CPU
		{F90C71E9-C37E-4145-BCC8-F19745D0AFDD}.Release|x86.Build.0 = Release|Any CPU
		{4ED814EE-97E0-4956-9F29-4BF5B97250B4}.Debug|Any CPU.ActiveCfg = Debug|Any CPU
		{4ED814EE-97E0-4956-9F29-4BF5B97250B4}.Debug|Any CPU.Build.0 = Debug|Any CPU
		{4ED814EE-97E0-4956-9F29-4BF5B97250B4}.Debug|x64.ActiveCfg = Debug|Any CPU
		{4ED814EE-97E0-4956-9F29-4BF5B97250B4}.Debug|x64.Build.0 = Debug|Any CPU
		{4ED814EE-97E0-4956-9F29-4BF5B97250B4}.Debug|x86.ActiveCfg = Debug|Any CPU
		{4ED814EE-97E0-4956-9F29-4BF5B97250B4}.Debug|x86.Build.0 = Debug|Any CPU
		{4ED814EE-97E0-4956-9F29-4BF5B97250B4}.Release|Any CPU.ActiveCfg = Release|Any CPU
		{4ED814EE-97E0-4956-9F29-4BF5B97250B4}.Release|Any CPU.Build.0 = Release|Any CPU
		{4ED814EE-97E0-4956-9F29-4BF5B97250B4}.Release|x64.ActiveCfg = Release|Any CPU
		{4ED814EE-97E0-4956-9F29-4BF5B97250B4}.Release|x64.Build.0 = Release|Any CPU
		{4ED814EE-97E0-4956-9F29-4BF5B97250B4}.Release|x86.ActiveCfg = Release|Any CPU
		{4ED814EE-97E0-4956-9F29-4BF5B97250B4}.Release|x86.Build.0 = Release|Any CPU
		{EC1D07D4-1FB8-4BD0-AB23-F9303B0E13BB}.Debug|Any CPU.ActiveCfg = Debug|Any CPU
		{EC1D07D4-1FB8-4BD0-AB23-F9303B0E13BB}.Debug|Any CPU.Build.0 = Debug|Any CPU
		{EC1D07D4-1FB8-4BD0-AB23-F9303B0E13BB}.Debug|x64.ActiveCfg = Debug|Any CPU
		{EC1D07D4-1FB8-4BD0-AB23-F9303B0E13BB}.Debug|x64.Build.0 = Debug|Any CPU
		{EC1D07D4-1FB8-4BD0-AB23-F9303B0E13BB}.Debug|x86.ActiveCfg = Debug|Any CPU
		{EC1D07D4-1FB8-4BD0-AB23-F9303B0E13BB}.Debug|x86.Build.0 = Debug|Any CPU
		{EC1D07D4-1FB8-4BD0-AB23-F9303B0E13BB}.Release|Any CPU.ActiveCfg = Release|Any CPU
		{EC1D07D4-1FB8-4BD0-AB23-F9303B0E13BB}.Release|Any CPU.Build.0 = Release|Any CPU
		{EC1D07D4-1FB8-4BD0-AB23-F9303B0E13BB}.Release|x64.ActiveCfg = Release|Any CPU
		{EC1D07D4-1FB8-4BD0-AB23-F9303B0E13BB}.Release|x64.Build.0 = Release|Any CPU
		{EC1D07D4-1FB8-4BD0-AB23-F9303B0E13BB}.Release|x86.ActiveCfg = Release|Any CPU
		{EC1D07D4-1FB8-4BD0-AB23-F9303B0E13BB}.Release|x86.Build.0 = Release|Any CPU
	EndGlobalSection
	GlobalSection(NestedProjects) = preSolution
		{F8ADCB34-C115-448E-A6E8-448307AC5F15} = {F2687D8C-5761-49C0-80B6-BFAAA89AE534}
		{A89AC8DE-8E0D-4E70-ABAE-88236CC0DDA8} = {F2687D8C-5761-49C0-80B6-BFAAA89AE534}
		{04156CE5-2297-4C91-9D1F-F39EBDB87C9F} = {6240FDEA-B990-4DAE-A68B-5F02DEC5160B}
		{A5F2ECB9-E623-4D51-ACB4-2B4AD44121C7} = {F2687D8C-5761-49C0-80B6-BFAAA89AE534}
		{7AB858BF-FD19-4E5A-A190-16B676C51B8B} = {6240FDEA-B990-4DAE-A68B-5F02DEC5160B}
		{CA852FA0-7A6C-4380-8C1E-E0B928E2349D} = {F2687D8C-5761-49C0-80B6-BFAAA89AE534}
		{AFC33F9E-C1BF-41A4-B11F-8A032214257A} = {6240FDEA-B990-4DAE-A68B-5F02DEC5160B}
		{55B24448-6229-4772-89FE-4A136DFB5118} = {F2687D8C-5761-49C0-80B6-BFAAA89AE534}
		{F4564733-4D06-4A49-B67D-6759188B4E30} = {F2687D8C-5761-49C0-80B6-BFAAA89AE534}
		{59C78D74-46E2-43B0-BC30-38AB8EF3C693} = {F2687D8C-5761-49C0-80B6-BFAAA89AE534}
		{5E247C70-D633-42EE-85C5-ED90CB8D1903} = {6240FDEA-B990-4DAE-A68B-5F02DEC5160B}
		{CE39B02C-6CAF-4EF8-B703-7BD627AF3BEF} = {F2687D8C-5761-49C0-80B6-BFAAA89AE534}
		{5A869919-CBEB-44A2-97CF-51EEAD67B375} = {44BC74F3-26CA-4608-9915-F5BF529EB733}
		{FFB2644A-A38A-4635-AE86-8A0A59AE8A42} = {44BC74F3-26CA-4608-9915-F5BF529EB733}
		{04143D6C-68D4-421E-A522-96A034EE2F60} = {44BC74F3-26CA-4608-9915-F5BF529EB733}
		{0F4263F2-641A-4249-B2DA-E240ECEC211C} = {F2687D8C-5761-49C0-80B6-BFAAA89AE534}
		{8F65538D-2CDE-4348-A4EC-CBDCC6E04C6D} = {F2687D8C-5761-49C0-80B6-BFAAA89AE534}
		{58BBF428-AF3C-44A4-9892-87BF3E5186E9} = {44BC74F3-26CA-4608-9915-F5BF529EB733}
		{F051EF25-6E20-4145-B433-83D14B5B4CCF} = {58BBF428-AF3C-44A4-9892-87BF3E5186E9}
		{3BACBCC7-89DC-47A6-9B28-7AB1908E5158} = {58BBF428-AF3C-44A4-9892-87BF3E5186E9}
		{85EB69CC-BE54-415A-B0DC-CC02BC365478} = {58BBF428-AF3C-44A4-9892-87BF3E5186E9}
		{1AFFE154-3FBC-472A-BD64-51751BAD628F} = {44BC74F3-26CA-4608-9915-F5BF529EB733}
		{F90C71E9-C37E-4145-BCC8-F19745D0AFDD} = {1AFFE154-3FBC-472A-BD64-51751BAD628F}
		{77201BF1-37AD-48DA-9C99-D170EFF4BA17} = {44BC74F3-26CA-4608-9915-F5BF529EB733}
		{4ED814EE-97E0-4956-9F29-4BF5B97250B4} = {77201BF1-37AD-48DA-9C99-D170EFF4BA17}
		{EC1D07D4-1FB8-4BD0-AB23-F9303B0E13BB} = {77201BF1-37AD-48DA-9C99-D170EFF4BA17}
	EndGlobalSection
EndGlobal
